
Microsoft Visual Studio Solution File, Format Version 12.00
Project("{FAE04EC0-301F-11D3-BF4B-00C04F79EFBC}") = "ProtoTranslator", "ProtoTranslator\ProtoTranslator.csproj", "{D1700DFE-7807-4008-B8AD-BA72BE55241A}"
EndProject
Global
	GlobalSection(SolutionConfigurationPlatforms) = preSolution
		Debug|Any CPU = Debug|Any CPU
		Release|Any CPU = Release|Any CPU
	EndGlobalSection
	GlobalSection(ProjectConfigurationPlatforms) = postSolution
		{D1700DFE-7807-4008-B8AD-BA72BE55241A}.Debug|Any CPU.ActiveCfg = Debug|Any CPU
		{D1700DFE-7807-4008-B8AD-BA72BE55241A}.Debug|Any CPU.Build.0 = Debug|Any CPU
		{D1700DFE-7807-4008-B8AD-BA72BE55241A}.Release|Any CPU.ActiveCfg = Release|Any CPU
		{D1700DFE-7807-4008-B8AD-BA72BE55241A}.Release|Any CPU.Build.0 = Release|Any CPU
	EndGlobalSection
EndGlobal
